
Microsoft Visual Studio Solution File, Format Version 12.00
# Visual Studio 14
VisualStudioVersion = 14.0.25420.1
MinimumVisualStudioVersion = 10.0.40219.1
Project("{FAE04EC0-301F-11D3-BF4B-00C04F79EFBC}") = "CarKitProject.Droid", "CarKitProject\CarKitProject.Droid\CarKitProject.Droid.csproj", "{AF0DF260-6C01-48BE-B26F-1B5776CCFC0B}"
EndProject
Project("{FAE04EC0-301F-11D3-BF4B-00C04F79EFBC}") = "CarKitProject.iOS", "CarKitProject\CarKitProject.iOS\CarKitProject.iOS.csproj", "{6890F4A7-CF79-4A5B-B62E-F0C78B708766}"
EndProject
Project("{FAE04EC0-301F-11D3-BF4B-00C04F79EFBC}") = "CarKitProject.WinPhone", "CarKitProject\CarKitProject.WinPhone\CarKitProject.WinPhone.csproj", "{E5673A67-67B7-45E6-978A-D26F4F1D2DED}"
EndProject
Project("{FAE04EC0-301F-11D3-BF4B-00C04F79EFBC}") = "CarKitProject.UWP", "CarKitProject\CarKitProject.UWP\CarKitProject.UWP.csproj", "{7A1613D3-9A80-406E-8BA9-CB920B3D4F8C}"
EndProject
Project("{FAE04EC0-301F-11D3-BF4B-00C04F79EFBC}") = "CarKitProject.Windows", "CarKitProject\CarKitProject.Windows\CarKitProject.Windows.csproj", "{1680BEF1-9D6B-4498-B9BA-8D9903CBBEBA}"
EndProject
Project("{FAE04EC0-301F-11D3-BF4B-00C04F79EFBC}") = "CarKitProject", "CarKitProject\CarKitProject\CarKitProject.csproj", "{59313AC6-A152-4C18-A6B3-B29C3B79E0A2}"
EndProject
Global
	GlobalSection(SolutionConfigurationPlatforms) = preSolution
		Ad-Hoc|Any CPU = Ad-Hoc|Any CPU
		Ad-Hoc|ARM = Ad-Hoc|ARM
		Ad-Hoc|iPhone = Ad-Hoc|iPhone
		Ad-Hoc|iPhoneSimulator = Ad-Hoc|iPhoneSimulator
		Ad-Hoc|x64 = Ad-Hoc|x64
		Ad-Hoc|x86 = Ad-Hoc|x86
		AppStore|Any CPU = AppStore|Any CPU
		AppStore|ARM = AppStore|ARM
		AppStore|iPhone = AppStore|iPhone
		AppStore|iPhoneSimulator = AppStore|iPhoneSimulator
		AppStore|x64 = AppStore|x64
		AppStore|x86 = AppStore|x86
		Debug|Any CPU = Debug|Any CPU
		Debug|ARM = Debug|ARM
		Debug|iPhone = Debug|iPhone
		Debug|iPhoneSimulator = Debug|iPhoneSimulator
		Debug|x64 = Debug|x64
		Debug|x86 = Debug|x86
		Release|Any CPU = Release|Any CPU
		Release|ARM = Release|ARM
		Release|iPhone = Release|iPhone
		Release|iPhoneSimulator = Release|iPhoneSimulator
		Release|x64 = Release|x64
		Release|x86 = Release|x86
	EndGlobalSection
	GlobalSection(ProjectConfigurationPlatforms) = postSolution
		{AF0DF260-6C01-48BE-B26F-1B5776CCFC0B}.Ad-Hoc|Any CPU.ActiveCfg = Release|Any CPU
		{AF0DF260-6C01-48BE-B26F-1B5776CCFC0B}.Ad-Hoc|Any CPU.Build.0 = Release|Any CPU
		{AF0DF260-6C01-48BE-B26F-1B5776CCFC0B}.Ad-Hoc|Any CPU.Deploy.0 = Release|Any CPU
		{AF0DF260-6C01-48BE-B26F-1B5776CCFC0B}.Ad-Hoc|ARM.ActiveCfg = Release|Any CPU
		{AF0DF260-6C01-48BE-B26F-1B5776CCFC0B}.Ad-Hoc|ARM.Build.0 = Release|Any CPU
		{AF0DF260-6C01-48BE-B26F-1B5776CCFC0B}.Ad-Hoc|ARM.Deploy.0 = Release|Any CPU
		{AF0DF260-6C01-48BE-B26F-1B5776CCFC0B}.Ad-Hoc|iPhone.ActiveCfg = Release|Any CPU
		{AF0DF260-6C01-48BE-B26F-1B5776CCFC0B}.Ad-Hoc|iPhone.Build.0 = Release|Any CPU
		{AF0DF260-6C01-48BE-B26F-1B5776CCFC0B}.Ad-Hoc|iPhone.Deploy.0 = Release|Any CPU
		{AF0DF260-6C01-48BE-B26F-1B5776CCFC0B}.Ad-Hoc|iPhoneSimulator.ActiveCfg = Release|Any CPU
		{AF0DF260-6C01-48BE-B26F-1B5776CCFC0B}.Ad-Hoc|iPhoneSimulator.Build.0 = Release|Any CPU
		{AF0DF260-6C01-48BE-B26F-1B5776CCFC0B}.Ad-Hoc|iPhoneSimulator.Deploy.0 = Release|Any CPU
		{AF0DF260-6C01-48BE-B26F-1B5776CCFC0B}.Ad-Hoc|x64.ActiveCfg = Release|Any CPU
		{AF0DF260-6C01-48BE-B26F-1B5776CCFC0B}.Ad-Hoc|x64.Build.0 = Release|Any CPU
		{AF0DF260-6C01-48BE-B26F-1B5776CCFC0B}.Ad-Hoc|x64.Deploy.0 = Release|Any CPU
		{AF0DF260-6C01-48BE-B26F-1B5776CCFC0B}.Ad-Hoc|x86.ActiveCfg = Release|Any CPU
		{AF0DF260-6C01-48BE-B26F-1B5776CCFC0B}.Ad-Hoc|x86.Build.0 = Release|Any CPU
		{AF0DF260-6C01-48BE-B26F-1B5776CCFC0B}.Ad-Hoc|x86.Deploy.0 = Release|Any CPU
		{AF0DF260-6C01-48BE-B26F-1B5776CCFC0B}.AppStore|Any CPU.ActiveCfg = Release|Any CPU
		{AF0DF260-6C01-48BE-B26F-1B5776CCFC0B}.AppStore|Any CPU.Build.0 = Release|Any CPU
		{AF0DF260-6C01-48BE-B26F-1B5776CCFC0B}.AppStore|Any CPU.Deploy.0 = Release|Any CPU
		{AF0DF260-6C01-48BE-B26F-1B5776CCFC0B}.AppStore|ARM.ActiveCfg = Release|Any CPU
		{AF0DF260-6C01-48BE-B26F-1B5776CCFC0B}.AppStore|ARM.Build.0 = Release|Any CPU
		{AF0DF260-6C01-48BE-B26F-1B5776CCFC0B}.AppStore|ARM.Deploy.0 = Release|Any CPU
		{AF0DF260-6C01-48BE-B26F-1B5776CCFC0B}.AppStore|iPhone.ActiveCfg = Release|Any CPU
		{AF0DF260-6C01-48BE-B26F-1B5776CCFC0B}.AppStore|iPhone.Build.0 = Release|Any CPU
		{AF0DF260-6C01-48BE-B26F-1B5776CCFC0B}.AppStore|iPhone.Deploy.0 = Release|Any CPU
		{AF0DF260-6C01-48BE-B26F-1B5776CCFC0B}.AppStore|iPhoneSimulator.ActiveCfg = Release|Any CPU
		{AF0DF260-6C01-48BE-B26F-1B5776CCFC0B}.AppStore|iPhoneSimulator.Build.0 = Release|Any CPU
		{AF0DF260-6C01-48BE-B26F-1B5776CCFC0B}.AppStore|iPhoneSimulator.Deploy.0 = Release|Any CPU
		{AF0DF260-6C01-48BE-B26F-1B5776CCFC0B}.AppStore|x64.ActiveCfg = Release|Any CPU
		{AF0DF260-6C01-48BE-B26F-1B5776CCFC0B}.AppStore|x64.Build.0 = Release|Any CPU
		{AF0DF260-6C01-48BE-B26F-1B5776CCFC0B}.AppStore|x64.Deploy.0 = Release|Any CPU
		{AF0DF260-6C01-48BE-B26F-1B5776CCFC0B}.AppStore|x86.ActiveCfg = Release|Any CPU
		{AF0DF260-6C01-48BE-B26F-1B5776CCFC0B}.AppStore|x86.Build.0 = Release|Any CPU
		{AF0DF260-6C01-48BE-B26F-1B5776CCFC0B}.AppStore|x86.Deploy.0 = Release|Any CPU
		{AF0DF260-6C01-48BE-B26F-1B5776CCFC0B}.Debug|Any CPU.ActiveCfg = Debug|Any CPU
		{AF0DF260-6C01-48BE-B26F-1B5776CCFC0B}.Debug|Any CPU.Build.0 = Debug|Any CPU
		{AF0DF260-6C01-48BE-B26F-1B5776CCFC0B}.Debug|Any CPU.Deploy.0 = Debug|Any CPU
		{AF0DF260-6C01-48BE-B26F-1B5776CCFC0B}.Debug|ARM.ActiveCfg = Debug|Any CPU
		{AF0DF260-6C01-48BE-B26F-1B5776CCFC0B}.Debug|ARM.Build.0 = Debug|Any CPU
		{AF0DF260-6C01-48BE-B26F-1B5776CCFC0B}.Debug|ARM.Deploy.0 = Debug|Any CPU
		{AF0DF260-6C01-48BE-B26F-1B5776CCFC0B}.Debug|iPhone.ActiveCfg = Debug|Any CPU
		{AF0DF260-6C01-48BE-B26F-1B5776CCFC0B}.Debug|iPhone.Build.0 = Debug|Any CPU
		{AF0DF260-6C01-48BE-B26F-1B5776CCFC0B}.Debug|iPhone.Deploy.0 = Debug|Any CPU
		{AF0DF260-6C01-48BE-B26F-1B5776CCFC0B}.Debug|iPhoneSimulator.ActiveCfg = Debug|Any CPU
		{AF0DF260-6C01-48BE-B26F-1B5776CCFC0B}.Debug|iPhoneSimulator.Build.0 = Debug|Any CPU
		{AF0DF260-6C01-48BE-B26F-1B5776CCFC0B}.Debug|iPhoneSimulator.Deploy.0 = Debug|Any CPU
		{AF0DF260-6C01-48BE-B26F-1B5776CCFC0B}.Debug|x64.ActiveCfg = Debug|Any CPU
		{AF0DF260-6C01-48BE-B26F-1B5776CCFC0B}.Debug|x64.Build.0 = Debug|Any CPU
		{AF0DF260-6C01-48BE-B26F-1B5776CCFC0B}.Debug|x64.Deploy.0 = Debug|Any CPU
		{AF0DF260-6C01-48BE-B26F-1B5776CCFC0B}.Debug|x86.ActiveCfg = Debug|Any CPU
		{AF0DF260-6C01-48BE-B26F-1B5776CCFC0B}.Debug|x86.Build.0 = Debug|Any CPU
		{AF0DF260-6C01-48BE-B26F-1B5776CCFC0B}.Debug|x86.Deploy.0 = Debug|Any CPU
		{AF0DF260-6C01-48BE-B26F-1B5776CCFC0B}.Release|Any CPU.ActiveCfg = Release|Any CPU
		{AF0DF260-6C01-48BE-B26F-1B5776CCFC0B}.Release|Any CPU.Build.0 = Release|Any CPU
		{AF0DF260-6C01-48BE-B26F-1B5776CCFC0B}.Release|Any CPU.Deploy.0 = Release|Any CPU
		{AF0DF260-6C01-48BE-B26F-1B5776CCFC0B}.Release|ARM.ActiveCfg = Release|Any CPU
		{AF0DF260-6C01-48BE-B26F-1B5776CCFC0B}.Release|ARM.Build.0 = Release|Any CPU
		{AF0DF260-6C01-48BE-B26F-1B5776CCFC0B}.Release|ARM.Deploy.0 = Release|Any CPU
		{AF0DF260-6C01-48BE-B26F-1B5776CCFC0B}.Release|iPhone.ActiveCfg = Release|Any CPU
		{AF0DF260-6C01-48BE-B26F-1B5776CCFC0B}.Release|iPhone.Build.0 = Release|Any CPU
		{AF0DF260-6C01-48BE-B26F-1B5776CCFC0B}.Release|iPhone.Deploy.0 = Release|Any CPU
		{AF0DF260-6C01-48BE-B26F-1B5776CCFC0B}.Release|iPhoneSimulator.ActiveCfg = Release|Any CPU
		{AF0DF260-6C01-48BE-B26F-1B5776CCFC0B}.Release|iPhoneSimulator.Build.0 = Release|Any CPU
		{AF0DF260-6C01-48BE-B26F-1B5776CCFC0B}.Release|iPhoneSimulator.Deploy.0 = Release|Any CPU
		{AF0DF260-6C01-48BE-B26F-1B5776CCFC0B}.Release|x64.ActiveCfg = Release|Any CPU
		{AF0DF260-6C01-48BE-B26F-1B5776CCFC0B}.Release|x64.Build.0 = Release|Any CPU
		{AF0DF260-6C01-48BE-B26F-1B5776CCFC0B}.Release|x64.Deploy.0 = Release|Any CPU
		{AF0DF260-6C01-48BE-B26F-1B5776CCFC0B}.Release|x86.ActiveCfg = Release|Any CPU
		{AF0DF260-6C01-48BE-B26F-1B5776CCFC0B}.Release|x86.Build.0 = Release|Any CPU
		{AF0DF260-6C01-48BE-B26F-1B5776CCFC0B}.Release|x86.Deploy.0 = Release|Any CPU
		{6890F4A7-CF79-4A5B-B62E-F0C78B708766}.Ad-Hoc|Any CPU.ActiveCfg = Ad-Hoc|iPhone
		{6890F4A7-CF79-4A5B-B62E-F0C78B708766}.Ad-Hoc|ARM.ActiveCfg = Ad-Hoc|iPhone
		{6890F4A7-CF79-4A5B-B62E-F0C78B708766}.Ad-Hoc|iPhone.ActiveCfg = Ad-Hoc|iPhone
		{6890F4A7-CF79-4A5B-B62E-F0C78B708766}.Ad-Hoc|iPhone.Build.0 = Ad-Hoc|iPhone
		{6890F4A7-CF79-4A5B-B62E-F0C78B708766}.Ad-Hoc|iPhoneSimulator.ActiveCfg = Ad-Hoc|iPhoneSimulator
		{6890F4A7-CF79-4A5B-B62E-F0C78B708766}.Ad-Hoc|iPhoneSimulator.Build.0 = Ad-Hoc|iPhoneSimulator
		{6890F4A7-CF79-4A5B-B62E-F0C78B708766}.Ad-Hoc|x64.ActiveCfg = Ad-Hoc|iPhone
		{6890F4A7-CF79-4A5B-B62E-F0C78B708766}.Ad-Hoc|x86.ActiveCfg = Ad-Hoc|iPhone
		{6890F4A7-CF79-4A5B-B62E-F0C78B708766}.AppStore|Any CPU.ActiveCfg = AppStore|iPhone
		{6890F4A7-CF79-4A5B-B62E-F0C78B708766}.AppStore|ARM.ActiveCfg = AppStore|iPhone
		{6890F4A7-CF79-4A5B-B62E-F0C78B708766}.AppStore|iPhone.ActiveCfg = AppStore|iPhone
		{6890F4A7-CF79-4A5B-B62E-F0C78B708766}.AppStore|iPhone.Build.0 = AppStore|iPhone
		{6890F4A7-CF79-4A5B-B62E-F0C78B708766}.AppStore|iPhoneSimulator.ActiveCfg = AppStore|iPhoneSimulator
		{6890F4A7-CF79-4A5B-B62E-F0C78B708766}.AppStore|iPhoneSimulator.Build.0 = AppStore|iPhoneSimulator
		{6890F4A7-CF79-4A5B-B62E-F0C78B708766}.AppStore|x64.ActiveCfg = AppStore|iPhone
		{6890F4A7-CF79-4A5B-B62E-F0C78B708766}.AppStore|x86.ActiveCfg = AppStore|iPhone
		{6890F4A7-CF79-4A5B-B62E-F0C78B708766}.Debug|Any CPU.ActiveCfg = Debug|iPhone
		{6890F4A7-CF79-4A5B-B62E-F0C78B708766}.Debug|ARM.ActiveCfg = Debug|iPhone
		{6890F4A7-CF79-4A5B-B62E-F0C78B708766}.Debug|iPhone.ActiveCfg = Debug|iPhone
		{6890F4A7-CF79-4A5B-B62E-F0C78B708766}.Debug|iPhone.Build.0 = Debug|iPhone
		{6890F4A7-CF79-4A5B-B62E-F0C78B708766}.Debug|iPhoneSimulator.ActiveCfg = Debug|iPhoneSimulator
		{6890F4A7-CF79-4A5B-B62E-F0C78B708766}.Debug|iPhoneSimulator.Build.0 = Debug|iPhoneSimulator
		{6890F4A7-CF79-4A5B-B62E-F0C78B708766}.Debug|x64.ActiveCfg = Debug|iPhone
		{6890F4A7-CF79-4A5B-B62E-F0C78B708766}.Debug|x86.ActiveCfg = Debug|iPhone
		{6890F4A7-CF79-4A5B-B62E-F0C78B708766}.Release|Any CPU.ActiveCfg = Release|iPhone
		{6890F4A7-CF79-4A5B-B62E-F0C78B708766}.Release|ARM.ActiveCfg = Release|iPhone
		{6890F4A7-CF79-4A5B-B62E-F0C78B708766}.Release|iPhone.ActiveCfg = Release|iPhone
		{6890F4A7-CF79-4A5B-B62E-F0C78B708766}.Release|iPhone.Build.0 = Release|iPhone
		{6890F4A7-CF79-4A5B-B62E-F0C78B708766}.Release|iPhoneSimulator.ActiveCfg = Release|iPhoneSimulator
		{6890F4A7-CF79-4A5B-B62E-F0C78B708766}.Release|iPhoneSimulator.Build.0 = Release|iPhoneSimulator
		{6890F4A7-CF79-4A5B-B62E-F0C78B708766}.Release|x64.ActiveCfg = Release|iPhone
		{6890F4A7-CF79-4A5B-B62E-F0C78B708766}.Release|x86.ActiveCfg = Release|iPhone
		{E5673A67-67B7-45E6-978A-D26F4F1D2DED}.Ad-Hoc|Any CPU.ActiveCfg = Release|Any CPU
		{E5673A67-67B7-45E6-978A-D26F4F1D2DED}.Ad-Hoc|Any CPU.Build.0 = Release|Any CPU
		{E5673A67-67B7-45E6-978A-D26F4F1D2DED}.Ad-Hoc|Any CPU.Deploy.0 = Release|Any CPU
		{E5673A67-67B7-45E6-978A-D26F4F1D2DED}.Ad-Hoc|ARM.ActiveCfg = Release|ARM
		{E5673A67-67B7-45E6-978A-D26F4F1D2DED}.Ad-Hoc|ARM.Build.0 = Release|ARM
		{E5673A67-67B7-45E6-978A-D26F4F1D2DED}.Ad-Hoc|ARM.Deploy.0 = Release|ARM
		{E5673A67-67B7-45E6-978A-D26F4F1D2DED}.Ad-Hoc|iPhone.ActiveCfg = Release|Any CPU
		{E5673A67-67B7-45E6-978A-D26F4F1D2DED}.Ad-Hoc|iPhone.Build.0 = Release|Any CPU
		{E5673A67-67B7-45E6-978A-D26F4F1D2DED}.Ad-Hoc|iPhone.Deploy.0 = Release|Any CPU
		{E5673A67-67B7-45E6-978A-D26F4F1D2DED}.Ad-Hoc|iPhoneSimulator.ActiveCfg = Release|Any CPU
		{E5673A67-67B7-45E6-978A-D26F4F1D2DED}.Ad-Hoc|iPhoneSimulator.Build.0 = Release|Any CPU
		{E5673A67-67B7-45E6-978A-D26F4F1D2DED}.Ad-Hoc|iPhoneSimulator.Deploy.0 = Release|Any CPU
		{E5673A67-67B7-45E6-978A-D26F4F1D2DED}.Ad-Hoc|x64.ActiveCfg = Release|Any CPU
		{E5673A67-67B7-45E6-978A-D26F4F1D2DED}.Ad-Hoc|x64.Build.0 = Release|Any CPU
		{E5673A67-67B7-45E6-978A-D26F4F1D2DED}.Ad-Hoc|x64.Deploy.0 = Release|Any CPU
		{E5673A67-67B7-45E6-978A-D26F4F1D2DED}.Ad-Hoc|x86.ActiveCfg = Release|x86
		{E5673A67-67B7-45E6-978A-D26F4F1D2DED}.Ad-Hoc|x86.Build.0 = Release|x86
		{E5673A67-67B7-45E6-978A-D26F4F1D2DED}.Ad-Hoc|x86.Deploy.0 = Release|x86
		{E5673A67-67B7-45E6-978A-D26F4F1D2DED}.AppStore|Any CPU.ActiveCfg = Release|Any CPU
		{E5673A67-67B7-45E6-978A-D26F4F1D2DED}.AppStore|Any CPU.Build.0 = Release|Any CPU
		{E5673A67-67B7-45E6-978A-D26F4F1D2DED}.AppStore|Any CPU.Deploy.0 = Release|Any CPU
		{E5673A67-67B7-45E6-978A-D26F4F1D2DED}.AppStore|ARM.ActiveCfg = Release|ARM
		{E5673A67-67B7-45E6-978A-D26F4F1D2DED}.AppStore|ARM.Build.0 = Release|ARM
		{E5673A67-67B7-45E6-978A-D26F4F1D2DED}.AppStore|ARM.Deploy.0 = Release|ARM
		{E5673A67-67B7-45E6-978A-D26F4F1D2DED}.AppStore|iPhone.ActiveCfg = Release|Any CPU
		{E5673A67-67B7-45E6-978A-D26F4F1D2DED}.AppStore|iPhone.Build.0 = Release|Any CPU
		{E5673A67-67B7-45E6-978A-D26F4F1D2DED}.AppStore|iPhone.Deploy.0 = Release|Any CPU
		{E5673A67-67B7-45E6-978A-D26F4F1D2DED}.AppStore|iPhoneSimulator.ActiveCfg = Release|Any CPU
		{E5673A67-67B7-45E6-978A-D26F4F1D2DED}.AppStore|iPhoneSimulator.Build.0 = Release|Any CPU
		{E5673A67-67B7-45E6-978A-D26F4F1D2DED}.AppStore|iPhoneSimulator.Deploy.0 = Release|Any CPU
		{E5673A67-67B7-45E6-978A-D26F4F1D2DED}.AppStore|x64.ActiveCfg = Release|Any CPU
		{E5673A67-67B7-45E6-978A-D26F4F1D2DED}.AppStore|x64.Build.0 = Release|Any CPU
		{E5673A67-67B7-45E6-978A-D26F4F1D2DED}.AppStore|x64.Deploy.0 = Release|Any CPU
		{E5673A67-67B7-45E6-978A-D26F4F1D2DED}.AppStore|x86.ActiveCfg = Release|x86
		{E5673A67-67B7-45E6-978A-D26F4F1D2DED}.AppStore|x86.Build.0 = Release|x86
		{E5673A67-67B7-45E6-978A-D26F4F1D2DED}.AppStore|x86.Deploy.0 = Release|x86
		{E5673A67-67B7-45E6-978A-D26F4F1D2DED}.Debug|Any CPU.ActiveCfg = Debug|Any CPU
		{E5673A67-67B7-45E6-978A-D26F4F1D2DED}.Debug|Any CPU.Build.0 = Debug|Any CPU
		{E5673A67-67B7-45E6-978A-D26F4F1D2DED}.Debug|Any CPU.Deploy.0 = Debug|Any CPU
		{E5673A67-67B7-45E6-978A-D26F4F1D2DED}.Debug|ARM.ActiveCfg = Debug|ARM
		{E5673A67-67B7-45E6-978A-D26F4F1D2DED}.Debug|ARM.Build.0 = Debug|ARM
		{E5673A67-67B7-45E6-978A-D26F4F1D2DED}.Debug|ARM.Deploy.0 = Debug|ARM
		{E5673A67-67B7-45E6-978A-D26F4F1D2DED}.Debug|iPhone.ActiveCfg = Debug|Any CPU
		{E5673A67-67B7-45E6-978A-D26F4F1D2DED}.Debug|iPhone.Build.0 = Debug|Any CPU
		{E5673A67-67B7-45E6-978A-D26F4F1D2DED}.Debug|iPhone.Deploy.0 = Debug|Any CPU
		{E5673A67-67B7-45E6-978A-D26F4F1D2DED}.Debug|iPhoneSimulator.ActiveCfg = Debug|Any CPU
		{E5673A67-67B7-45E6-978A-D26F4F1D2DED}.Debug|iPhoneSimulator.Build.0 = Debug|Any CPU
		{E5673A67-67B7-45E6-978A-D26F4F1D2DED}.Debug|iPhoneSimulator.Deploy.0 = Debug|Any CPU
		{E5673A67-67B7-45E6-978A-D26F4F1D2DED}.Debug|x64.ActiveCfg = Debug|Any CPU
		{E5673A67-67B7-45E6-978A-D26F4F1D2DED}.Debug|x64.Build.0 = Debug|Any CPU
		{E5673A67-67B7-45E6-978A-D26F4F1D2DED}.Debug|x64.Deploy.0 = Debug|Any CPU
		{E5673A67-67B7-45E6-978A-D26F4F1D2DED}.Debug|x86.ActiveCfg = Debug|x86
		{E5673A67-67B7-45E6-978A-D26F4F1D2DED}.Debug|x86.Build.0 = Debug|x86
		{E5673A67-67B7-45E6-978A-D26F4F1D2DED}.Debug|x86.Deploy.0 = Debug|x86
		{E5673A67-67B7-45E6-978A-D26F4F1D2DED}.Release|Any CPU.ActiveCfg = Release|Any CPU
		{E5673A67-67B7-45E6-978A-D26F4F1D2DED}.Release|Any CPU.Build.0 = Release|Any CPU
		{E5673A67-67B7-45E6-978A-D26F4F1D2DED}.Release|Any CPU.Deploy.0 = Release|Any CPU
		{E5673A67-67B7-45E6-978A-D26F4F1D2DED}.Release|ARM.ActiveCfg = Release|ARM
		{E5673A67-67B7-45E6-978A-D26F4F1D2DED}.Release|ARM.Build.0 = Release|ARM
		{E5673A67-67B7-45E6-978A-D26F4F1D2DED}.Release|ARM.Deploy.0 = Release|ARM
		{E5673A67-67B7-45E6-978A-D26F4F1D2DED}.Release|iPhone.ActiveCfg = Release|Any CPU
		{E5673A67-67B7-45E6-978A-D26F4F1D2DED}.Release|iPhone.Build.0 = Release|Any CPU
		{E5673A67-67B7-45E6-978A-D26F4F1D2DED}.Release|iPhone.Deploy.0 = Release|Any CPU
		{E5673A67-67B7-45E6-978A-D26F4F1D2DED}.Release|iPhoneSimulator.ActiveCfg = Release|Any CPU
		{E5673A67-67B7-45E6-978A-D26F4F1D2DED}.Release|iPhoneSimulator.Build.0 = Release|Any CPU
		{E5673A67-67B7-45E6-978A-D26F4F1D2DED}.Release|iPhoneSimulator.Deploy.0 = Release|Any CPU
		{E5673A67-67B7-45E6-978A-D26F4F1D2DED}.Release|x64.ActiveCfg = Release|Any CPU
		{E5673A67-67B7-45E6-978A-D26F4F1D2DED}.Release|x64.Build.0 = Release|Any CPU
		{E5673A67-67B7-45E6-978A-D26F4F1D2DED}.Release|x64.Deploy.0 = Release|Any CPU
		{E5673A67-67B7-45E6-978A-D26F4F1D2DED}.Release|x86.ActiveCfg = Release|x86
		{E5673A67-67B7-45E6-978A-D26F4F1D2DED}.Release|x86.Build.0 = Release|x86
		{E5673A67-67B7-45E6-978A-D26F4F1D2DED}.Release|x86.Deploy.0 = Release|x86
		{7A1613D3-9A80-406E-8BA9-CB920B3D4F8C}.Ad-Hoc|Any CPU.ActiveCfg = Release|x86
		{7A1613D3-9A80-406E-8BA9-CB920B3D4F8C}.Ad-Hoc|Any CPU.Build.0 = Release|x86
		{7A1613D3-9A80-406E-8BA9-CB920B3D4F8C}.Ad-Hoc|Any CPU.Deploy.0 = Release|x86
		{7A1613D3-9A80-406E-8BA9-CB920B3D4F8C}.Ad-Hoc|ARM.ActiveCfg = Release|ARM
		{7A1613D3-9A80-406E-8BA9-CB920B3D4F8C}.Ad-Hoc|ARM.Build.0 = Release|ARM
		{7A1613D3-9A80-406E-8BA9-CB920B3D4F8C}.Ad-Hoc|ARM.Deploy.0 = Release|ARM
		{7A1613D3-9A80-406E-8BA9-CB920B3D4F8C}.Ad-Hoc|iPhone.ActiveCfg = Release|x86
		{7A1613D3-9A80-406E-8BA9-CB920B3D4F8C}.Ad-Hoc|iPhone.Build.0 = Release|x86
		{7A1613D3-9A80-406E-8BA9-CB920B3D4F8C}.Ad-Hoc|iPhone.Deploy.0 = Release|x86
		{7A1613D3-9A80-406E-8BA9-CB920B3D4F8C}.Ad-Hoc|iPhoneSimulator.ActiveCfg = Release|x86
		{7A1613D3-9A80-406E-8BA9-CB920B3D4F8C}.Ad-Hoc|iPhoneSimulator.Build.0 = Release|x86
		{7A1613D3-9A80-406E-8BA9-CB920B3D4F8C}.Ad-Hoc|iPhoneSimulator.Deploy.0 = Release|x86
		{7A1613D3-9A80-406E-8BA9-CB920B3D4F8C}.Ad-Hoc|x64.ActiveCfg = Release|x64
		{7A1613D3-9A80-406E-8BA9-CB920B3D4F8C}.Ad-Hoc|x64.Build.0 = Release|x64
		{7A1613D3-9A80-406E-8BA9-CB920B3D4F8C}.Ad-Hoc|x64.Deploy.0 = Release|x64
		{7A1613D3-9A80-406E-8BA9-CB920B3D4F8C}.Ad-Hoc|x86.ActiveCfg = Release|x86
		{7A1613D3-9A80-406E-8BA9-CB920B3D4F8C}.Ad-Hoc|x86.Build.0 = Release|x86
		{7A1613D3-9A80-406E-8BA9-CB920B3D4F8C}.Ad-Hoc|x86.Deploy.0 = Release|x86
		{7A1613D3-9A80-406E-8BA9-CB920B3D4F8C}.AppStore|Any CPU.ActiveCfg = Release|x86
		{7A1613D3-9A80-406E-8BA9-CB920B3D4F8C}.AppStore|Any CPU.Build.0 = Release|x86
		{7A1613D3-9A80-406E-8BA9-CB920B3D4F8C}.AppStore|Any CPU.Deploy.0 = Release|x86
		{7A1613D3-9A80-406E-8BA9-CB920B3D4F8C}.AppStore|ARM.ActiveCfg = Release|ARM
		{7A1613D3-9A80-406E-8BA9-CB920B3D4F8C}.AppStore|ARM.Build.0 = Release|ARM
		{7A1613D3-9A80-406E-8BA9-CB920B3D4F8C}.AppStore|ARM.Deploy.0 = Release|ARM
		{7A1613D3-9A80-406E-8BA9-CB920B3D4F8C}.AppStore|iPhone.ActiveCfg = Release|x86
		{7A1613D3-9A80-406E-8BA9-CB920B3D4F8C}.AppStore|iPhone.Build.0 = Release|x86
		{7A1613D3-9A80-406E-8BA9-CB920B3D4F8C}.AppStore|iPhone.Deploy.0 = Release|x86
		{7A1613D3-9A80-406E-8BA9-CB920B3D4F8C}.AppStore|iPhoneSimulator.ActiveCfg = Release|x86
		{7A1613D3-9A80-406E-8BA9-CB920B3D4F8C}.AppStore|iPhoneSimulator.Build.0 = Release|x86
		{7A1613D3-9A80-406E-8BA9-CB920B3D4F8C}.AppStore|iPhoneSimulator.Deploy.0 = Release|x86
		{7A1613D3-9A80-406E-8BA9-CB920B3D4F8C}.AppStore|x64.ActiveCfg = Release|x64
		{7A1613D3-9A80-406E-8BA9-CB920B3D4F8C}.AppStore|x64.Build.0 = Release|x64
		{7A1613D3-9A80-406E-8BA9-CB920B3D4F8C}.AppStore|x64.Deploy.0 = Release|x64
		{7A1613D3-9A80-406E-8BA9-CB920B3D4F8C}.AppStore|x86.ActiveCfg = Release|x86
		{7A1613D3-9A80-406E-8BA9-CB920B3D4F8C}.AppStore|x86.Build.0 = Release|x86
		{7A1613D3-9A80-406E-8BA9-CB920B3D4F8C}.AppStore|x86.Deploy.0 = Release|x86
		{7A1613D3-9A80-406E-8BA9-CB920B3D4F8C}.Debug|Any CPU.ActiveCfg = Debug|x86
		{7A1613D3-9A80-406E-8BA9-CB920B3D4F8C}.Debug|ARM.ActiveCfg = Debug|ARM
		{7A1613D3-9A80-406E-8BA9-CB920B3D4F8C}.Debug|ARM.Build.0 = Debug|ARM
		{7A1613D3-9A80-406E-8BA9-CB920B3D4F8C}.Debug|ARM.Deploy.0 = Debug|ARM
		{7A1613D3-9A80-406E-8BA9-CB920B3D4F8C}.Debug|iPhone.ActiveCfg = Debug|x86
		{7A1613D3-9A80-406E-8BA9-CB920B3D4F8C}.Debug|iPhoneSimulator.ActiveCfg = Debug|x86
		{7A1613D3-9A80-406E-8BA9-CB920B3D4F8C}.Debug|x64.ActiveCfg = Debug|x64
		{7A1613D3-9A80-406E-8BA9-CB920B3D4F8C}.Debug|x64.Build.0 = Debug|x64
		{7A1613D3-9A80-406E-8BA9-CB920B3D4F8C}.Debug|x64.Deploy.0 = Debug|x64
		{7A1613D3-9A80-406E-8BA9-CB920B3D4F8C}.Debug|x86.ActiveCfg = Debug|x86
		{7A1613D3-9A80-406E-8BA9-CB920B3D4F8C}.Debug|x86.Build.0 = Debug|x86
		{7A1613D3-9A80-406E-8BA9-CB920B3D4F8C}.Debug|x86.Deploy.0 = Debug|x86
		{7A1613D3-9A80-406E-8BA9-CB920B3D4F8C}.Release|Any CPU.ActiveCfg = Release|x86
		{7A1613D3-9A80-406E-8BA9-CB920B3D4F8C}.Release|ARM.ActiveCfg = Release|ARM
		{7A1613D3-9A80-406E-8BA9-CB920B3D4F8C}.Release|ARM.Build.0 = Release|ARM
		{7A1613D3-9A80-406E-8BA9-CB920B3D4F8C}.Release|ARM.Deploy.0 = Release|ARM
		{7A1613D3-9A80-406E-8BA9-CB920B3D4F8C}.Release|iPhone.ActiveCfg = Release|x86
		{7A1613D3-9A80-406E-8BA9-CB920B3D4F8C}.Release|iPhoneSimulator.ActiveCfg = Release|x86
		{7A1613D3-9A80-406E-8BA9-CB920B3D4F8C}.Release|x64.ActiveCfg = Release|x64
		{7A1613D3-9A80-406E-8BA9-CB920B3D4F8C}.Release|x64.Build.0 = Release|x64
		{7A1613D3-9A80-406E-8BA9-CB920B3D4F8C}.Release|x64.Deploy.0 = Release|x64
		{7A1613D3-9A80-406E-8BA9-CB920B3D4F8C}.Release|x86.ActiveCfg = Release|x86
		{7A1613D3-9A80-406E-8BA9-CB920B3D4F8C}.Release|x86.Build.0 = Release|x86
		{7A1613D3-9A80-406E-8BA9-CB920B3D4F8C}.Release|x86.Deploy.0 = Release|x86
		{1680BEF1-9D6B-4498-B9BA-8D9903CBBEBA}.Ad-Hoc|Any CPU.ActiveCfg = Release|Any CPU
		{1680BEF1-9D6B-4498-B9BA-8D9903CBBEBA}.Ad-Hoc|Any CPU.Build.0 = Release|Any CPU
		{1680BEF1-9D6B-4498-B9BA-8D9903CBBEBA}.Ad-Hoc|Any CPU.Deploy.0 = Release|Any CPU
		{1680BEF1-9D6B-4498-B9BA-8D9903CBBEBA}.Ad-Hoc|ARM.ActiveCfg = Release|ARM
		{1680BEF1-9D6B-4498-B9BA-8D9903CBBEBA}.Ad-Hoc|ARM.Build.0 = Release|ARM
		{1680BEF1-9D6B-4498-B9BA-8D9903CBBEBA}.Ad-Hoc|ARM.Deploy.0 = Release|ARM
		{1680BEF1-9D6B-4498-B9BA-8D9903CBBEBA}.Ad-Hoc|iPhone.ActiveCfg = Release|Any CPU
		{1680BEF1-9D6B-4498-B9BA-8D9903CBBEBA}.Ad-Hoc|iPhone.Build.0 = Release|Any CPU
		{1680BEF1-9D6B-4498-B9BA-8D9903CBBEBA}.Ad-Hoc|iPhone.Deploy.0 = Release|Any CPU
		{1680BEF1-9D6B-4498-B9BA-8D9903CBBEBA}.Ad-Hoc|iPhoneSimulator.ActiveCfg = Release|Any CPU
		{1680BEF1-9D6B-4498-B9BA-8D9903CBBEBA}.Ad-Hoc|iPhoneSimulator.Build.0 = Release|Any CPU
		{1680BEF1-9D6B-4498-B9BA-8D9903CBBEBA}.Ad-Hoc|iPhoneSimulator.Deploy.0 = Release|Any CPU
		{1680BEF1-9D6B-4498-B9BA-8D9903CBBEBA}.Ad-Hoc|x64.ActiveCfg = Release|x64
		{1680BEF1-9D6B-4498-B9BA-8D9903CBBEBA}.Ad-Hoc|x64.Build.0 = Release|x64
		{1680BEF1-9D6B-4498-B9BA-8D9903CBBEBA}.Ad-Hoc|x64.Deploy.0 = Release|x64
		{1680BEF1-9D6B-4498-B9BA-8D9903CBBEBA}.Ad-Hoc|x86.ActiveCfg = Release|x86
		{1680BEF1-9D6B-4498-B9BA-8D9903CBBEBA}.Ad-Hoc|x86.Build.0 = Release|x86
		{1680BEF1-9D6B-4498-B9BA-8D9903CBBEBA}.Ad-Hoc|x86.Deploy.0 = Release|x86
		{1680BEF1-9D6B-4498-B9BA-8D9903CBBEBA}.AppStore|Any CPU.ActiveCfg = Release|Any CPU
		{1680BEF1-9D6B-4498-B9BA-8D9903CBBEBA}.AppStore|Any CPU.Build.0 = Release|Any CPU
		{1680BEF1-9D6B-4498-B9BA-8D9903CBBEBA}.AppStore|Any CPU.Deploy.0 = Release|Any CPU
		{1680BEF1-9D6B-4498-B9BA-8D9903CBBEBA}.AppStore|ARM.ActiveCfg = Release|ARM
		{1680BEF1-9D6B-4498-B9BA-8D9903CBBEBA}.AppStore|ARM.Build.0 = Release|ARM
		{1680BEF1-9D6B-4498-B9BA-8D9903CBBEBA}.AppStore|ARM.Deploy.0 = Release|ARM
		{1680BEF1-9D6B-4498-B9BA-8D9903CBBEBA}.AppStore|iPhone.ActiveCfg = Release|Any CPU
		{1680BEF1-9D6B-4498-B9BA-8D9903CBBEBA}.AppStore|iPhone.Build.0 = Release|Any CPU
		{1680BEF1-9D6B-4498-B9BA-8D9903CBBEBA}.AppStore|iPhone.Deploy.0 = Release|Any CPU
		{1680BEF1-9D6B-4498-B9BA-8D9903CBBEBA}.AppStore|iPhoneSimulator.ActiveCfg = Release|Any CPU
		{1680BEF1-9D6B-4498-B9BA-8D9903CBBEBA}.AppStore|iPhoneSimulator.Build.0 = Release|Any CPU
		{1680BEF1-9D6B-4498-B9BA-8D9903CBBEBA}.AppStore|iPhoneSimulator.Deploy.0 = Release|Any CPU
		{1680BEF1-9D6B-4498-B9BA-8D9903CBBEBA}.AppStore|x64.ActiveCfg = Release|x64
		{1680BEF1-9D6B-4498-B9BA-8D9903CBBEBA}.AppStore|x64.Build.0 = Release|x64
		{1680BEF1-9D6B-4498-B9BA-8D9903CBBEBA}.AppStore|x64.Deploy.0 = Release|x64
		{1680BEF1-9D6B-4498-B9BA-8D9903CBBEBA}.AppStore|x86.ActiveCfg = Release|x86
		{1680BEF1-9D6B-4498-B9BA-8D9903CBBEBA}.AppStore|x86.Build.0 = Release|x86
		{1680BEF1-9D6B-4498-B9BA-8D9903CBBEBA}.AppStore|x86.Deploy.0 = Release|x86
		{1680BEF1-9D6B-4498-B9BA-8D9903CBBEBA}.Debug|Any CPU.ActiveCfg = Debug|Any CPU
		{1680BEF1-9D6B-4498-B9BA-8D9903CBBEBA}.Debug|Any CPU.Build.0 = Debug|Any CPU
		{1680BEF1-9D6B-4498-B9BA-8D9903CBBEBA}.Debug|Any CPU.Deploy.0 = Debug|Any CPU
		{1680BEF1-9D6B-4498-B9BA-8D9903CBBEBA}.Debug|ARM.ActiveCfg = Debug|ARM
		{1680BEF1-9D6B-4498-B9BA-8D9903CBBEBA}.Debug|ARM.Build.0 = Debug|ARM
		{1680BEF1-9D6B-4498-B9BA-8D9903CBBEBA}.Debug|ARM.Deploy.0 = Debug|ARM
		{1680BEF1-9D6B-4498-B9BA-8D9903CBBEBA}.Debug|iPhone.ActiveCfg = Debug|Any CPU
		{1680BEF1-9D6B-4498-B9BA-8D9903CBBEBA}.Debug|iPhone.Build.0 = Debug|Any CPU
		{1680BEF1-9D6B-4498-B9BA-8D9903CBBEBA}.Debug|iPhone.Deploy.0 = Debug|Any CPU
		{1680BEF1-9D6B-4498-B9BA-8D9903CBBEBA}.Debug|iPhoneSimulator.ActiveCfg = Debug|Any CPU
		{1680BEF1-9D6B-4498-B9BA-8D9903CBBEBA}.Debug|iPhoneSimulator.Build.0 = Debug|Any CPU
		{1680BEF1-9D6B-4498-B9BA-8D9903CBBEBA}.Debug|iPhoneSimulator.Deploy.0 = Debug|Any CPU
		{1680BEF1-9D6B-4498-B9BA-8D9903CBBEBA}.Debug|x64.ActiveCfg = Debug|x64
		{1680BEF1-9D6B-4498-B9BA-8D9903CBBEBA}.Debug|x64.Build.0 = Debug|x64
		{1680BEF1-9D6B-4498-B9BA-8D9903CBBEBA}.Debug|x64.Deploy.0 = Debug|x64
		{1680BEF1-9D6B-4498-B9BA-8D9903CBBEBA}.Debug|x86.ActiveCfg = Debug|x86
		{1680BEF1-9D6B-4498-B9BA-8D9903CBBEBA}.Debug|x86.Build.0 = Debug|x86
		{1680BEF1-9D6B-4498-B9BA-8D9903CBBEBA}.Debug|x86.Deploy.0 = Debug|x86
		{1680BEF1-9D6B-4498-B9BA-8D9903CBBEBA}.Release|Any CPU.ActiveCfg = Release|Any CPU
		{1680BEF1-9D6B-4498-B9BA-8D9903CBBEBA}.Release|Any CPU.Build.0 = Release|Any CPU
		{1680BEF1-9D6B-4498-B9BA-8D9903CBBEBA}.Release|Any CPU.Deploy.0 = Release|Any CPU
		{1680BEF1-9D6B-4498-B9BA-8D9903CBBEBA}.Release|ARM.ActiveCfg = Release|ARM
		{1680BEF1-9D6B-4498-B9BA-8D9903CBBEBA}.Release|ARM.Build.0 = Release|ARM
		{1680BEF1-9D6B-4498-B9BA-8D9903CBBEBA}.Release|ARM.Deploy.0 = Release|ARM
		{1680BEF1-9D6B-4498-B9BA-8D9903CBBEBA}.Release|iPhone.ActiveCfg = Release|Any CPU
		{1680BEF1-9D6B-4498-B9BA-8D9903CBBEBA}.Release|iPhone.Build.0 = Release|Any CPU
		{1680BEF1-9D6B-4498-B9BA-8D9903CBBEBA}.Release|iPhone.Deploy.0 = Release|Any CPU
		{1680BEF1-9D6B-4498-B9BA-8D9903CBBEBA}.Release|iPhoneSimulator.ActiveCfg = Release|Any CPU
		{1680BEF1-9D6B-4498-B9BA-8D9903CBBEBA}.Release|iPhoneSimulator.Build.0 = Release|Any CPU
		{1680BEF1-9D6B-4498-B9BA-8D9903CBBEBA}.Release|iPhoneSimulator.Deploy.0 = Release|Any CPU
		{1680BEF1-9D6B-4498-B9BA-8D9903CBBEBA}.Release|x64.ActiveCfg = Release|x64
		{1680BEF1-9D6B-4498-B9BA-8D9903CBBEBA}.Release|x64.Build.0 = Release|x64
		{1680BEF1-9D6B-4498-B9BA-8D9903CBBEBA}.Release|x64.Deploy.0 = Release|x64
		{1680BEF1-9D6B-4498-B9BA-8D9903CBBEBA}.Release|x86.ActiveCfg = Release|x86
		{1680BEF1-9D6B-4498-B9BA-8D9903CBBEBA}.Release|x86.Build.0 = Release|x86
		{1680BEF1-9D6B-4498-B9BA-8D9903CBBEBA}.Release|x86.Deploy.0 = Release|x86
		{59313AC6-A152-4C18-A6B3-B29C3B79E0A2}.Ad-Hoc|Any CPU.ActiveCfg = Release|Any CPU
		{59313AC6-A152-4C18-A6B3-B29C3B79E0A2}.Ad-Hoc|Any CPU.Build.0 = Release|Any CPU
		{59313AC6-A152-4C18-A6B3-B29C3B79E0A2}.Ad-Hoc|ARM.ActiveCfg = Release|Any CPU
		{59313AC6-A152-4C18-A6B3-B29C3B79E0A2}.Ad-Hoc|ARM.Build.0 = Release|Any CPU
		{59313AC6-A152-4C18-A6B3-B29C3B79E0A2}.Ad-Hoc|iPhone.ActiveCfg = Release|Any CPU
		{59313AC6-A152-4C18-A6B3-B29C3B79E0A2}.Ad-Hoc|iPhone.Build.0 = Release|Any CPU
		{59313AC6-A152-4C18-A6B3-B29C3B79E0A2}.Ad-Hoc|iPhoneSimulator.ActiveCfg = Release|Any CPU
		{59313AC6-A152-4C18-A6B3-B29C3B79E0A2}.Ad-Hoc|iPhoneSimulator.Build.0 = Release|Any CPU
		{59313AC6-A152-4C18-A6B3-B29C3B79E0A2}.Ad-Hoc|x64.ActiveCfg = Release|Any CPU
		{59313AC6-A152-4C18-A6B3-B29C3B79E0A2}.Ad-Hoc|x64.Build.0 = Release|Any CPU
		{59313AC6-A152-4C18-A6B3-B29C3B79E0A2}.Ad-Hoc|x86.ActiveCfg = Release|Any CPU
		{59313AC6-A152-4C18-A6B3-B29C3B79E0A2}.Ad-Hoc|x86.Build.0 = Release|Any CPU
		{59313AC6-A152-4C18-A6B3-B29C3B79E0A2}.AppStore|Any CPU.ActiveCfg = Release|Any CPU
		{59313AC6-A152-4C18-A6B3-B29C3B79E0A2}.AppStore|Any CPU.Build.0 = Release|Any CPU
		{59313AC6-A152-4C18-A6B3-B29C3B79E0A2}.AppStore|ARM.ActiveCfg = Release|Any CPU
		{59313AC6-A152-4C18-A6B3-B29C3B79E0A2}.AppStore|ARM.Build.0 = Release|Any CPU
		{59313AC6-A152-4C18-A6B3-B29C3B79E0A2}.AppStore|iPhone.ActiveCfg = Release|Any CPU
		{59313AC6-A152-4C18-A6B3-B29C3B79E0A2}.AppStore|iPhone.Build.0 = Release|Any CPU
		{59313AC6-A152-4C18-A6B3-B29C3B79E0A2}.AppStore|iPhoneSimulator.ActiveCfg = Release|Any CPU
		{59313AC6-A152-4C18-A6B3-B29C3B79E0A2}.AppStore|iPhoneSimulator.Build.0 = Release|Any CPU
		{59313AC6-A152-4C18-A6B3-B29C3B79E0A2}.AppStore|x64.ActiveCfg = Release|Any CPU
		{59313AC6-A152-4C18-A6B3-B29C3B79E0A2}.AppStore|x64.Build.0 = Release|Any CPU
		{59313AC6-A152-4C18-A6B3-B29C3B79E0A2}.AppStore|x86.ActiveCfg = Release|Any CPU
		{59313AC6-A152-4C18-A6B3-B29C3B79E0A2}.AppStore|x86.Build.0 = Release|Any CPU
		{59313AC6-A152-4C18-A6B3-B29C3B79E0A2}.Debug|Any CPU.ActiveCfg = Debug|Any CPU
		{59313AC6-A152-4C18-A6B3-B29C3B79E0A2}.Debug|Any CPU.Build.0 = Debug|Any CPU
		{59313AC6-A152-4C18-A6B3-B29C3B79E0A2}.Debug|ARM.ActiveCfg = Debug|Any CPU
		{59313AC6-A152-4C18-A6B3-B29C3B79E0A2}.Debug|ARM.Build.0 = Debug|Any CPU
		{59313AC6-A152-4C18-A6B3-B29C3B79E0A2}.Debug|iPhone.ActiveCfg = Debug|Any CPU
		{59313AC6-A152-4C18-A6B3-B29C3B79E0A2}.Debug|iPhone.Build.0 = Debug|Any CPU
		{59313AC6-A152-4C18-A6B3-B29C3B79E0A2}.Debug|iPhoneSimulator.ActiveCfg = Debug|Any CPU
		{59313AC6-A152-4C18-A6B3-B29C3B79E0A2}.Debug|iPhoneSimulator.Build.0 = Debug|Any CPU
		{59313AC6-A152-4C18-A6B3-B29C3B79E0A2}.Debug|x64.ActiveCfg = Debug|Any CPU
		{59313AC6-A152-4C18-A6B3-B29C3B79E0A2}.Debug|x64.Build.0 = Debug|Any CPU
		{59313AC6-A152-4C18-A6B3-B29C3B79E0A2}.Debug|x86.ActiveCfg = Debug|Any CPU
		{59313AC6-A152-4C18-A6B3-B29C3B79E0A2}.Debug|x86.Build.0 = Debug|Any CPU
		{59313AC6-A152-4C18-A6B3-B29C3B79E0A2}.Release|Any CPU.ActiveCfg = Release|Any CPU
		{59313AC6-A152-4C18-A6B3-B29C3B79E0A2}.Release|Any CPU.Build.0 = Release|Any CPU
		{59313AC6-A152-4C18-A6B3-B29C3B79E0A2}.Release|ARM.ActiveCfg = Release|Any CPU
		{59313AC6-A152-4C18-A6B3-B29C3B79E0A2}.Release|ARM.Build.0 = Release|Any CPU
		{59313AC6-A152-4C18-A6B3-B29C3B79E0A2}.Release|iPhone.ActiveCfg = Release|Any CPU
		{59313AC6-A152-4C18-A6B3-B29C3B79E0A2}.Release|iPhone.Build.0 = Release|Any CPU
		{59313AC6-A152-4C18-A6B3-B29C3B79E0A2}.Release|iPhoneSimulator.ActiveCfg = Release|Any CPU
		{59313AC6-A152-4C18-A6B3-B29C3B79E0A2}.Release|iPhoneSimulator.Build.0 = Release|Any CPU
		{59313AC6-A152-4C18-A6B3-B29C3B79E0A2}.Release|x64.ActiveCfg = Release|Any CPU
		{59313AC6-A152-4C18-A6B3-B29C3B79E0A2}.Release|x64.Build.0 = Release|Any CPU
		{59313AC6-A152-4C18-A6B3-B29C3B79E0A2}.Release|x86.ActiveCfg = Release|Any CPU
		{59313AC6-A152-4C18-A6B3-B29C3B79E0A2}.Release|x86.Build.0 = Release|Any CPU
	EndGlobalSection
	GlobalSection(SolutionProperties) = preSolution
		HideSolutionNode = FALSE
	EndGlobalSection
EndGlobal
